
Microsoft Visual Studio Solution File, Format Version 12.00
# Visual Studio Version 17
VisualStudioVersion = 17.14.37203.1 d17.14
MinimumVisualStudioVersion = 10.0.40219.1
Project("{FAE04EC0-301F-11D3-BF4B-00C04F79EFBC}") = "FarmaControl.API", "FarmaControl.API\FarmaControl.API.csproj", "{085B92A1-FB25-411D-8669-6BBA2A63499F}"
EndProject
Project("{FAE04EC0-301F-11D3-BF4B-00C04F79EFBC}") = "FarmaControl.Domain", "FarmaControl.Domain\FarmaControl.Domain.csproj", "{4CFEC23C-AE2A-4B19-96C7-EF94AFD10ECA}"
EndProject
Project("{FAE04EC0-301F-11D3-BF4B-00C04F79EFBC}") = "FarmaControl.Application", "FarmaControl.Application\FarmaControl.Application.csproj", "{B5968A54-E0A7-4136-AB1A-A08C79EDB487}"
EndProject
Project("{FAE04EC0-301F-11D3-BF4B-00C04F79EFBC}") = "FarmaControl.Persistence", "FarmaControl.Persistence\FarmaControl.Persistence.csproj", "{4F142854-1468-4191-8CFF-EE97F6F7E768}"
EndProject
Global
	GlobalSection(SolutionConfigurationPlatforms) = preSolution
		Debug|Any CPU = Debug|Any CPU
		Release|Any CPU = Release|Any CPU
	EndGlobalSection
	GlobalSection(ProjectConfigurationPlatforms) = postSolution
		{085B92A1-FB25-411D-8669-6BBA2A63499F}.Debug|Any CPU.ActiveCfg = Debug|Any CPU
		{085B92A1-FB25-411D-8669-6BBA2A63499F}.Debug|Any CPU.Build.0 = Debug|Any CPU
		{085B92A1-FB25-411D-8669-6BBA2A63499F}.Release|Any CPU.ActiveCfg = Release|Any CPU
		{085B92A1-FB25-411D-8669-6BBA2A63499F}.Release|Any CPU.Build.0 = Release|Any CPU
		{4CFEC23C-AE2A-4B19-96C7-EF94AFD10ECA}.Debug|Any CPU.ActiveCfg = Debug|Any CPU
		{4CFEC23C-AE2A-4B19-96C7-EF94AFD10ECA}.Debug|Any CPU.Build.0 = Debug|Any CPU
		{4CFEC23C-AE2A-4B19-96C7-EF94AFD10ECA}.Release|Any CPU.ActiveCfg = Release|Any CPU
		{4CFEC23C-AE2A-4B19-96C7-EF94AFD10ECA}.Release|Any CPU.Build.0 = Release|Any CPU
		{B5968A54-E0A7-4136-AB1A-A08C79EDB487}.Debug|Any CPU.ActiveCfg = Debug|Any CPU
		{B5968A54-E0A7-4136-AB1A-A08C79EDB487}.Debug|Any CPU.Build.0 = Debug|Any CPU
		{B5968A54-E0A7-4136-AB1A-A08C79EDB487}.Release|Any CPU.ActiveCfg = Release|Any CPU
		{B5968A54-E0A7-4136-AB1A-A08C79EDB487}.Release|Any CPU.Build.0 = Release|Any CPU
		{4F142854-1468-4191-8CFF-EE97F6F7E768}.Debug|Any CPU.ActiveCfg = Debug|Any CPU
		{4F142854-1468-4191-8CFF-EE97F6F7E768}.Debug|Any CPU.Build.0 = Debug|Any CPU
		{4F142854-1468-4191-8CFF-EE97F6F7E768}.Release|Any CPU.ActiveCfg = Release|Any CPU
		{4F142854-1468-4191-8CFF-EE97F6F7E768}.Release|Any CPU.Build.0 = Release|Any CPU
	EndGlobalSection
	GlobalSection(SolutionProperties) = preSolution
		HideSolutionNode = FALSE
	EndGlobalSection
	GlobalSection(ExtensibilityGlobals) = postSolution
		SolutionGuid = {364698D2-6A18-4E4F-AD11-85C57355FEB6}
	EndGlobalSection
EndGlobal
